// !$*UTF8*$!
{
	archiveVersion = 1;
	classes = {
	};
	objectVersion = 46;
	objects = {

/* Begin PBXBuildFile section */
		86B471341D56A5F8007B66F1 /* AppDelegate.swift in Sources */ = {isa = PBXBuildFile; fileRef = 86B471331D56A5F8007B66F1 /* AppDelegate.swift */; };
		86B471361D56A5F8007B66F1 /* ViewController.swift in Sources */ = {isa = PBXBuildFile; fileRef = 86B471351D56A5F8007B66F1 /* ViewController.swift */; };
		86B471391D56A5F8007B66F1 /* Main.storyboard in Resources */ = {isa = PBXBuildFile; fileRef = 86B471371D56A5F8007B66F1 /* Main.storyboard */; };
		86B4713B1D56A5F8007B66F1 /* Assets.xcassets in Resources */ = {isa = PBXBuildFile; fileRef = 86B4713A1D56A5F8007B66F1 /* Assets.xcassets */; };
		86B4713E1D56A5F8007B66F1 /* LaunchScreen.storyboard in Resources */ = {isa = PBXBuildFile; fileRef = 86B4713C1D56A5F8007B66F1 /* LaunchScreen.storyboard */; };
/* End PBXBuildFile section */

/* Begin PBXFileReference section */
		86B471301D56A5F8007B66F1 /* eOPD_ipad.app */ = {isa = PBXFileReference; explicitFileType = wrapper.application; includeInIndex = 0; path = eOPD_ipad.app; sourceTree = BUILT_PRODUCTS_DIR; };
		86B471331D56A5F8007B66F1 /* AppDelegate.swift */ = {isa = PBXFileReference; lastKnownFileType = sourcecode.swift; path = AppDelegate.swift; sourceTree = "<group>"; };
		86B471351D56A5F8007B66F1 /* ViewController.swift */ = {isa = PBXFileReference; lastKnownFileType = sourcecode.swift; path = ViewController.swift; sourceTree = "<group>"; };
		86B471381D56A5F8007B66F1 /* Base */ = {isa = PBXFileReference; lastKnownFileType = file.storyboard; name = Base; path = Base.lproj/Main.storyboard; sourceTree = "<group>"; };
		86B4713A1D56A5F8007B66F1 /* Assets.xcassets */ = {isa = PBXFileReference; lastKnownFileType = folder.assetcatalog; path = Assets.xcassets; sourceTree = "<group>"; };
		86B4713D1D56A5F8007B66F1 /* Base */ = {isa = PBXFileReference; lastKnownFileType = file.storyboard; name = Base; path = Base.lproj/LaunchScreen.storyboard; sourceTree = "<group>"; };
		86B4713F1D56A5F8007B66F1 /* Info.plist */ = {isa = PBXFileReference; lastKnownFileType = text.plist.xml; path = Info.plist; sourceTree = "<group>"; };
/* End PBXFileReference section */

/* Begin PBXFrameworksBuildPhase section */
		86B4712D1D56A5F8007B66F1 /* Frameworks */ = {
			isa = PBXFrameworksBuildPhase;
			buildActionMask = 2147483647;
			files = (
			);
			runOnlyForDeploymentPostprocessing = 0;
		};
/* End PBXFrameworksBuildPhase section */

/* Begin PBXGroup section */
		86B471271D56A5F8007B66F1 = {
			isa = PBXGroup;
			children = (
				86B471321D56A5F8007B66F1 /* eOPD_ipad */,
				86B471311D56A5F8007B66F1 /* Products */,
			);
			sourceTree = "<group>";
		};
		86B471311D56A5F8007B66F1 /* Products */ = {
			isa = PBXGroup;
			children = (
				86B471301D56A5F8007B66F1 /* eOPD_ipad.app */,
			);
			name = Products;
			sourceTree = "<group>";
		};
		86B471321D56A5F8007B66F1 /* eOPD_ipad */ = {
			isa = PBXGroup;
			children = (
				86B471331D56A5F8007B66F1 /* AppDelegate.swift */,
				86B471351D56A5F8007B66F1 /* ViewController.swift */,
				86B471371D56A5F8007B66F1 /* Main.storyboard */,
				86B4713A1D56A5F8007B66F1 /* Assets.xcassets */,
				86B4713C1D56A5F8007B66F1 /* LaunchScreen.storyboard */,
				86B4713F1D56A5F8007B66F1 /* Info.plist */,
			);
			path = eOPD_ipad;
			sourceTree = "<group>";
		};
/* End PBXGroup section */

/* Begin PBXNativeTarget section */
		86B4712F1D56A5F8007B66F1 /* eOPD_ipad */ = {
			isa = PBXNativeTarget;
			buildConfigurationList = 86B471421D56A5F8007B66F1 /* Build configuration list for PBXNativeTarget "eOPD_ipad" */;
			buildPhases = (
				86B4712C1D56A5F8007B66F1 /* Sources */,
				86B4712D1D56A5F8007B66F1 /* Frameworks */,
				86B4712E1D56A5F8007B66F1 /* Resources */,
			);
			buildRules = (
			);
			dependencies = (
			);
			name = eOPD_ipad;
			productName = eOPD_ipad;
			productReference = 86B471301D56A5F8007B66F1 /* eOPD_ipad.app */;
			productType = "com.apple.product-type.application";
		};
/* End PBXNativeTarget section */

/* Begin PBXProject section */
		86B471281D56A5F8007B66F1 /* Project object */ = {
			isa = PBXProject;
			attributes = {
				LastSwiftUpdateCheck = 0730;
				LastUpgradeCheck = 0730;
				ORGANIZATIONNAME = HibertPeter;
				TargetAttributes = {
					86B4712F1D56A5F8007B66F1 = {
						CreatedOnToolsVersion = 7.3.1;
					};
				};
			};
			buildConfigurationList = 86B4712B1D56A5F8007B66F1 /* Build configuration list for PBXProject "eOPD_ipad" */;
			compatibilityVersion = "Xcode 3.2";
			developmentRegion = English;
			hasScannedForEncodings = 0;
			knownRegions = (
				en,
				Base,
			);
			mainGroup = 86B471271D56A5F8007B66F1;
			productRefGroup = 86B471311D56A5F8007B66F1 /* Products */;
			projectDirPath = "";
			projectRoot = "";
			targets = (
				86B4712F1D56A5F8007B66F1 /* eOPD_ipad */,
			);
		};
/* End PBXProject section */

/* Begin PBXResourcesBuildPhase section */
		86B4712E1D56A5F8007B66F1 /* Resources */ = {
			isa = PBXResourcesBuildPhase;
			buildActionMask = 2147483647;
			files = (
				86B4713E1D56A5F8007B66F1 /* LaunchScreen.storyboard in Resources */,
				86B4713B1D56A5F8007B66F1 /* Assets.xcassets in Resources */,
				86B471391D56A5F8007B66F1 /* Main.storyboard in Resources */,
			);
			runOnlyForDeploymentPostprocessing = 0;
		};
/* End PBXResourcesBuildPhase section */

/* Begin PBXSourcesBuildPhase section */
		86B4712C1D56A5F8007B66F1 /* Sources */ = {
			isa = PBXSourcesBuildPhase;
			buildActionMask = 2147483647;
			files = (
				86B471361D56A5F8007B66F1 /* ViewController.swift in Sources */,
				86B471341D56A5F8007B66F1 /* AppDelegate.swift in Sources */,
			);
			runOnlyForDeploymentPostprocessing = 0;
		};
/* End PBXSourcesBuildPhase section */

/* Begin PBXVariantGroup section */
		86B471371D56A5F8007B66F1 /* Main.storyboard */ = {
			isa = PBXVariantGroup;
			children = (
				86B471381D56A5F8007B66F1 /* Base */,
			);
			name = Main.storyboard;
			sourceTree = "<group>";
		};
		86B4713C1D56A5F8007B66F1 /* LaunchScreen.storyboard */ = {
			isa = PBXVariantGroup;
			children = (
				86B4713D1D56A5F8007B66F1 /* Base */,
			);
			name = LaunchScreen.storyboard;
			sourceTree = "<group>";
		};
/* End PBXVariantGroup section */

/* Begin XCBuildConfiguration section */
		86B471401D56A5F8007B66F1 /* Debug */ = {
			isa = XCBuildConfiguration;
			buildSettings = {
				ALWAYS_SEARCH_USER_PATHS = NO;
				CLANG_ANALYZER_NONNULL = YES;
				CLANG_CXX_LANGUAGE_STANDARD = "gnu++0x";
				CLANG_CXX_LIBRARY = "libc++";
				CLANG_ENABLE_MODULES = YES;
				CLANG_ENABLE_OBJC_ARC = YES;
				CLANG_WARN_BOOL_CONVERSION = YES;
				CLANG_WARN_CONSTANT_CONVERSION = YES;
				CLANG_WARN_DIRECT_OBJC_ISA_USAGE = YES_ERROR;
				CLANG_WARN_EMPTY_BODY = YES;
				CLANG_WARN_ENUM_CONVERSION = YES;
				CLANG_WARN_INT_CONVERSION = YES;
				CLANG_WARN_OBJC_ROOT_CLASS = YES_ERROR;
				CLANG_WARN_UNREACHABLE_CODE = YES;
				CLANG_WARN__DUPLICATE_METHOD_MATCH = YES;
				"CODE_SIGN_IDENTITY[sdk=iphoneos*]" = "iPhone Developer";
				COPY_PHASE_STRIP = NO;
				DEBUG_INFORMATION_FORMAT = dwarf;
				ENABLE_STRICT_OBJC_MSGSEND = YES;
				ENABLE_TESTABILITY = YES;
				GCC_C_LANGUAGE_STANDARD = gnu99;
				GCC_DYNAMIC_NO_PIC = NO;
				GCC_NO_COMMON_BLOCKS = YES;
				GCC_OPTIMIZATION_LEVEL = 0;
				GCC_PREPROCESSOR_DEFINITIONS = (
					"DEBUG=1",
					"$(inherited)",
				);
				GCC_WARN_64_TO_32_BIT_CONVERSION = YES;
				GCC_WARN_ABOUT_RETURN_TYPE = YES_ERROR;
				GCC_WARN_UNDECLARED_SELECTOR = YES;
				GCC_WARN_UNINITIALIZED_AUTOS = YES_AGGRESSIVE;
				GCC_WARN_UNUSED_FUNCTION = YES;
				GCC_WARN_UNUSED_VARIABLE = YES;
				IPHONEOS_DEPLOYMENT_TARGET = 9.3;
				MTL_ENABLE_DEBUG_INFO = YES;
				ONLY_ACTIVE_ARCH = YES;
				SDKROOT = iphoneos;
				SWIFT_OPTIMIZATION_LEVEL = "-Onone";
				TARGETED_DEVICE_FAMILY = 2;
			};
			name = Debug;
		};
		86B471411D56A5F8007B66F1 /* Release */ = {
			isa = XCBuildConfiguration;
			buildSettings = {
				ALWAYS_SEARCH_USER_PATHS = NO;
				CLANG_ANALYZER_NONNULL = YES;
				CLANG_CXX_LANGUAGE_STANDARD = "gnu++0x";
				CLANG_CXX_LIBRARY = "libc++";
				CLANG_ENABLE_MODULES = YES;
				CLANG_ENABLE_OBJC_ARC = YES;
				CLANG_WARN_BOOL_CONVERSION = YES;
				CLANG_WARN_CONSTANT_CONVERSION = YES;
				CLANG_WARN_DIRECT_OBJC_ISA_USAGE = YES_ERROR;
				CLANG_WARN_EMPTY_BODY = YES;
				CLANG_WARN_ENUM_CONVERSION = YES;
				CLANG_WARN_INT_CONVERSION = YES;
				CLANG_WARN_OBJC_ROOT_CLASS = YES_ERROR;
				CLANG_WARN_UNREACHABLE_CODE = YES;
				CLANG_WARN__DUPLICATE_METHOD_MATCH = YES;
				"CODE_SIGN_IDENTITY[sdk=iphoneos*]" = "iPhone Developer";
				COPY_PHASE_STRIP = NO;
				DEBUG_INFORMATION_FORMAT = "dwarf-with-dsym";
				ENABLE_NS_ASSERTIONS = NO;
				ENABLE_STRICT_OBJC_MSGSEND = YES;
				GCC_C_LANGUAGE_STANDARD = gnu99;
				GCC_NO_COMMON_BLOCKS = YES;
				GCC_WARN_64_TO_32_BIT_CONVERSION = YES;
				GCC_WARN_ABOUT_RETURN_TYPE = YES_ERROR;
				GCC_WARN_UNDECLARED_SELECTOR = YES;
				GCC_WARN_UNINITIALIZED_AUTOS = YES_AGGRESSIVE;
				GCC_WARN_UNUSED_FUNCTION = YES;
				GCC_WARN_UNUSED_VARIABLE = YES;
				IPHONEOS_DEPLOYMENT_TARGET = 9.3;
				MTL_ENABLE_DEBUG_INFO = NO;
				SDKROOT = iphoneos;
				TARGETED_DEVICE_FAMILY = 2;
				VALIDATE_PRODUCT = YES;
			};
			name = Release;
		};
		86B471431D56A5F8007B66F1 /* Debug */ = {
			isa = XCBuildConfiguration;
			buildSettings = {
				ASSETCATALOG_COMPILER_APPICON_NAME = AppIcon;
				INFOPLIST_FILE = eOPD_ipad/Info.plist;
				LD_RUNPATH_SEARCH_PATHS = "$(inherited) @executable_path/Frameworks";
				PRODUCT_BUNDLE_IDENTIFIER = "peterhibert.eOPD-ipad";
				PRODUCT_NAME = "$(TARGET_NAME)";
			};
			name = Debug;
		};
		86B471441D56A5F8007B66F1 /* Release */ = {
			isa = XCBuildConfiguration;
			buildSettings = {
				ASSETCATALOG_COMPILER_APPICON_NAME = AppIcon;
				INFOPLIST_FILE = eOPD_ipad/Info.plist;
				LD_RUNPATH_SEARCH_PATHS = "$(inherited) @executable_path/Frameworks";
				PRODUCT_BUNDLE_IDENTIFIER = "peterhibert.eOPD-ipad";
				PRODUCT_NAME = "$(TARGET_NAME)";
			};
			name = Release;
		};
/* End XCBuildConfiguration section */

/* Begin XCConfigurationList section */
		86B4712B1D56A5F8007B66F1 /* Build configuration list for PBXProject "eOPD_ipad" */ = {
			isa = XCConfigurationList;
			buildConfigurations = (
				86B471401D56A5F8007B66F1 /* Debug */,
				86B471411D56A5F8007B66F1 /* Release */,
			);
			defaultConfigurationIsVisible = 0;
			defaultConfigurationName = Release;
		};
		86B471421D56A5F8007B66F1 /* Build configuration list for PBXNativeTarget "eOPD_ipad" */ = {
			isa = XCConfigurationList;
			buildConfigurations = (
				86B471431D56A5F8007B66F1 /* Debug */,
				86B471441D56A5F8007B66F1 /* Release */,
			);
			defaultConfigurationIsVisible = 0;
		};
/* End XCConfigurationList section */
	};
	rootObject = 86B471281D56A5F8007B66F1 /* Project object */;
}
